# THIS IS AN AUTOGENERATED FILE. DO NOT EDIT THIS FILE DIRECTLY.
# yarn lockfile v1


"@polymer/polymer@^3.1.0":
  version "3.1.0"
  resolved "https://registry.yarnpkg.com/@polymer/polymer/-/polymer-3.1.0.tgz#3e1b7447a1e350fd654e1823def655d0f0828a70"
  integrity sha512-hwN8IMERsFATz/9dSMxYHL+84J9uBkPuuarxJWlTsppZ4CAYTZKnepBfNrKoyNsafBmA3yXBiiKPPf+fJtza7A==
  dependencies:
    "@webcomponents/shadycss" "^1.5.2"

"@webcomponents/shadycss@^1.5.2":
  version "1.9.0"
  resolved "https://registry.yarnpkg.com/@webcomponents/shadycss/-/shadycss-1.9.0.tgz#8450465037370d4f5c32e801bb2554a7cf2f5037"
  integrity sha512-g8Xa+6RSEME4g/wLJW4YII0eq15rvXp76RxPAuv7hx+Bdoi7GzZJ/EoZOUfyIbqAsQbII1TcWD4/+Xhs5NcM1w==
